{
  "name": "ajs-hw3-node",
  "version": "1.0.0",
  "lockfileVersion": 3,
  "requires": true,
  "packages": {
    "": {
      "name": "ajs-hw3-node",
      "version": "1.0.0",
      "license": "ISC",
      "dependencies": {
        "@evgeniiishchenko/ajs-hw3": "^1.0.0"
      }
    },
    "node_modules/@evgeniiishchenko/ajs-hw3": {
      "version": "1.0.0",
      "resolved": "https://npm.pkg.github.com/download/@evgeniiishchenko/ajs-hw3/1.0.0/afe9d40d9844fc40d162bec179a77acefeee12f7",
      "integrity": "sha512-wIXg2y+uGVUKyzMXeU5myJiLpJB91zc3P2SIaLCcxvEBUs6cvx9m9fG+C6J5V2acP0V+EZ2vgN0qU1K1fwRDAg==",
      "license": "ISC"
    }
  }
}
